
Microsoft Visual Studio Solution File, Format Version 12.00
# Visual Studio Version 17
VisualStudioVersion = 17.8.34309.116
MinimumVisualStudioVersion = 10.0.40219.1
Project("{FAE04EC0-301F-11D3-BF4B-00C04F79EFBC}") = "FormSubmission", "FormSubmission\FormSubmission.csproj", "{114DB22A-AE67-4BF7-98DF-E0BB323C16CB}"
EndProject
Global
	GlobalSection(SolutionConfigurationPlatforms) = preSolution
		Debug|Any CPU = Debug|Any CPU
		Release|Any CPU = Release|Any CPU
	EndGlobalSection
	GlobalSection(ProjectConfigurationPlatforms) = postSolution
		{114DB22A-AE67-4BF7-98DF-E0BB323C16CB}.Debug|Any CPU.ActiveCfg = Debug|Any CPU
		{114DB22A-AE67-4BF7-98DF-E0BB323C16CB}.Debug|Any CPU.Build.0 = Debug|Any CPU
		{114DB22A-AE67-4BF7-98DF-E0BB323C16CB}.Release|Any CPU.ActiveCfg = Release|Any CPU
		{114DB22A-AE67-4BF7-98DF-E0BB323C16CB}.Release|Any CPU.Build.0 = Release|Any CPU
	EndGlobalSection
	GlobalSection(SolutionProperties) = preSolution
		HideSolutionNode = FALSE
	EndGlobalSection
	GlobalSection(ExtensibilityGlobals) = postSolution
		SolutionGuid = {1EC7E2A5-D217-48A2-BD31-54FC96230FEB}
	EndGlobalSection
EndGlobal
