
Microsoft Visual Studio Solution File, Format Version 12.00
# Visual Studio Version 17
VisualStudioVersion = 17.8.34309.116
MinimumVisualStudioVersion = 10.0.40219.1
Project("{FAE04EC0-301F-11D3-BF4B-00C04F79EFBC}") = "IntroAPI", "IntroAPI\IntroAPI.csproj", "{FD045EB7-D42C-4ED3-9E57-5FC455D4E1FC}"
EndProject
Global
	GlobalSection(SolutionConfigurationPlatforms) = preSolution
		Debug|Any CPU = Debug|Any CPU
		Release|Any CPU = Release|Any CPU
	EndGlobalSection
	GlobalSection(ProjectConfigurationPlatforms) = postSolution
		{FD045EB7-D42C-4ED3-9E57-5FC455D4E1FC}.Debug|Any CPU.ActiveCfg = Debug|Any CPU
		{FD045EB7-D42C-4ED3-9E57-5FC455D4E1FC}.Debug|Any CPU.Build.0 = Debug|Any CPU
		{FD045EB7-D42C-4ED3-9E57-5FC455D4E1FC}.Release|Any CPU.ActiveCfg = Release|Any CPU
		{FD045EB7-D42C-4ED3-9E57-5FC455D4E1FC}.Release|Any CPU.Build.0 = Release|Any CPU
	EndGlobalSection
	GlobalSection(SolutionProperties) = preSolution
		HideSolutionNode = FALSE
	EndGlobalSection
	GlobalSection(ExtensibilityGlobals) = postSolution
		SolutionGuid = {6EB37565-60FF-4779-9DAB-7580BEE3E547}
	EndGlobalSection
EndGlobal
